// !$*UTF8*$!
{
	archiveVersion = 1;
	classes = {
	};
	objectVersion = 46;
	objects = {

/* Begin PBXBuildFile section */
		BE756B391A4505AC00DC184D /* ProfileViewController.swift in Sources */ = {isa = PBXBuildFile; fileRef = BE756B381A4505AC00DC184D /* ProfileViewController.swift */; };
		BE756B3B1A45066A00DC184D /* HelpViewController.swift in Sources */ = {isa = PBXBuildFile; fileRef = BE756B3A1A45066A00DC184D /* HelpViewController.swift */; };
		BE756B3D1A45068200DC184D /* FriendListViewController.swift in Sources */ = {isa = PBXBuildFile; fileRef = BE756B3C1A45068200DC184D /* FriendListViewController.swift */; };
		BE756B3F1A45068F00DC184D /* FriendViewController.swift in Sources */ = {isa = PBXBuildFile; fileRef = BE756B3E1A45068F00DC184D /* FriendViewController.swift */; };
		BE8E41FB1A3C32AA00D740A3 /* AppDelegate.swift in Sources */ = {isa = PBXBuildFile; fileRef = BE8E41FA1A3C32AA00D740A3 /* AppDelegate.swift */; };
		BE8E42001A3C32AA00D740A3 /* Main.storyboard in Resources */ = {isa = PBXBuildFile; fileRef = BE8E41FE1A3C32AA00D740A3 /* Main.storyboard */; };
		BE8E42021A3C32AA00D740A3 /* Images.xcassets in Resources */ = {isa = PBXBuildFile; fileRef = BE8E42011A3C32AA00D740A3 /* Images.xcassets */; };
		BE8E42051A3C32AA00D740A3 /* LaunchScreen.xib in Resources */ = {isa = PBXBuildFile; fileRef = BE8E42031A3C32AA00D740A3 /* LaunchScreen.xib */; };
		BE8E42111A3C32AA00D740A3 /* DeepTransitionSampleTests.swift in Sources */ = {isa = PBXBuildFile; fileRef = BE8E42101A3C32AA00D740A3 /* DeepTransitionSampleTests.swift */; };
		BE8E42321A3E5FA800D740A3 /* CouponListViewController.swift in Sources */ = {isa = PBXBuildFile; fileRef = BE8E422C1A3E5FA800D740A3 /* CouponListViewController.swift */; };
		BE8E42331A3E5FA800D740A3 /* CouponViewController.swift in Sources */ = {isa = PBXBuildFile; fileRef = BE8E422D1A3E5FA800D740A3 /* CouponViewController.swift */; };
		BE8E42341A3E5FA800D740A3 /* NewsListViewController.swift in Sources */ = {isa = PBXBuildFile; fileRef = BE8E422E1A3E5FA800D740A3 /* NewsListViewController.swift */; };
		BE8E42351A3E5FA800D740A3 /* NewsViewController.swift in Sources */ = {isa = PBXBuildFile; fileRef = BE8E422F1A3E5FA800D740A3 /* NewsViewController.swift */; };
		BE8E42361A3E5FA800D740A3 /* TopViewController.swift in Sources */ = {isa = PBXBuildFile; fileRef = BE8E42301A3E5FA800D740A3 /* TopViewController.swift */; };
		BE8E423A1A3E79CC00D740A3 /* TransitionGraphModelTest.swift in Sources */ = {isa = PBXBuildFile; fileRef = BE8E42391A3E79CC00D740A3 /* TransitionGraphModelTest.swift */; };
		BEF0F2F91A432DF800D6139D /* statemap.h in Headers */ = {isa = PBXBuildFile; fileRef = BEF0F2ED1A432DF800D6139D /* statemap.h */; };
		BEF0F2FA1A432DF800D6139D /* statemap.m in Sources */ = {isa = PBXBuildFile; fileRef = BEF0F2EE1A432DF800D6139D /* statemap.m */; };
		BEF0F2FB1A432DF800D6139D /* TransitionModelFSM.h in Headers */ = {isa = PBXBuildFile; fileRef = BEF0F2EF1A432DF800D6139D /* TransitionModelFSM.h */; };
		BEF0F2FC1A432DF800D6139D /* TransitionModelFSM.m in Sources */ = {isa = PBXBuildFile; fileRef = BEF0F2F01A432DF800D6139D /* TransitionModelFSM.m */; };
		BEF0F2FD1A432DF800D6139D /* TransitionModelFSM.sm in Resources */ = {isa = PBXBuildFile; fileRef = BEF0F2F11A432DF800D6139D /* TransitionModelFSM.sm */; };
		BEF0F2FE1A432DF800D6139D /* TransitionAgent.swift in Sources */ = {isa = PBXBuildFile; fileRef = BEF0F2F21A432DF800D6139D /* TransitionAgent.swift */; };
		BEF0F2FF1A432DF800D6139D /* TransitionCenter.swift in Sources */ = {isa = PBXBuildFile; fileRef = BEF0F2F31A432DF800D6139D /* TransitionCenter.swift */; };
		BEF0F3001A432DF800D6139D /* TransitionPath.swift in Sources */ = {isa = PBXBuildFile; fileRef = BEF0F2F41A432DF800D6139D /* TransitionPath.swift */; };
		BEF0F3011A432DF800D6139D /* TransitionServiceLocator.swift in Sources */ = {isa = PBXBuildFile; fileRef = BEF0F2F51A432DF800D6139D /* TransitionServiceLocator.swift */; };
		BEF0F3021A432DF800D6139D /* RootTransitionAgent.swift in Sources */ = {isa = PBXBuildFile; fileRef = BEF0F2F71A432DF800D6139D /* RootTransitionAgent.swift */; };
		BEF0F3031A432DF800D6139D /* TransitionViewController.swift in Sources */ = {isa = PBXBuildFile; fileRef = BEF0F2F81A432DF800D6139D /* TransitionViewController.swift */; };
/* End PBXBuildFile section */

/* Begin PBXContainerItemProxy section */
		BE8E420B1A3C32AA00D740A3 /* PBXContainerItemProxy */ = {
			isa = PBXContainerItemProxy;
			containerPortal = BE8E41ED1A3C32AA00D740A3 /* Project object */;
			proxyType = 1;
			remoteGlobalIDString = BE8E41F41A3C32AA00D740A3;
			remoteInfo = DeepTransitionSample;
		};
/* End PBXContainerItemProxy section */

/* Begin PBXFileReference section */
		09096DD11A4164F400D73591 /* DeepTransitionSample-Bridging-Header.h */ = {isa = PBXFileReference; fileEncoding = 4; lastKnownFileType = sourcecode.c.h; path = "DeepTransitionSample-Bridging-Header.h"; sourceTree = "<group>"; };
		09EAE7EC1A419E2C00F4DC96 /* statemap.h */ = {isa = PBXFileReference; lastKnownFileType = sourcecode.c.h; path = statemap.h; sourceTree = "<group>"; };
		BE756B381A4505AC00DC184D /* ProfileViewController.swift */ = {isa = PBXFileReference; fileEncoding = 4; lastKnownFileType = sourcecode.swift; path = ProfileViewController.swift; sourceTree = "<group>"; };
		BE756B3A1A45066A00DC184D /* HelpViewController.swift */ = {isa = PBXFileReference; fileEncoding = 4; lastKnownFileType = sourcecode.swift; path = HelpViewController.swift; sourceTree = "<group>"; };
		BE756B3C1A45068200DC184D /* FriendListViewController.swift */ = {isa = PBXFileReference; fileEncoding = 4; lastKnownFileType = sourcecode.swift; path = FriendListViewController.swift; sourceTree = "<group>"; };
		BE756B3E1A45068F00DC184D /* FriendViewController.swift */ = {isa = PBXFileReference; fileEncoding = 4; lastKnownFileType = sourcecode.swift; path = FriendViewController.swift; sourceTree = "<group>"; };
		BE8E41F51A3C32AA00D740A3 /* DeepTransitionSample.app */ = {isa = PBXFileReference; explicitFileType = wrapper.application; includeInIndex = 0; path = DeepTransitionSample.app; sourceTree = BUILT_PRODUCTS_DIR; };
		BE8E41F91A3C32AA00D740A3 /* Info.plist */ = {isa = PBXFileReference; lastKnownFileType = text.plist.xml; path = Info.plist; sourceTree = "<group>"; };
		BE8E41FA1A3C32AA00D740A3 /* AppDelegate.swift */ = {isa = PBXFileReference; lastKnownFileType = sourcecode.swift; path = AppDelegate.swift; sourceTree = "<group>"; };
		BE8E41FF1A3C32AA00D740A3 /* Base */ = {isa = PBXFileReference; lastKnownFileType = file.storyboard; name = Base; path = Base.lproj/Main.storyboard; sourceTree = "<group>"; };
		BE8E42011A3C32AA00D740A3 /* Images.xcassets */ = {isa = PBXFileReference; lastKnownFileType = folder.assetcatalog; path = Images.xcassets; sourceTree = "<group>"; };
		BE8E42041A3C32AA00D740A3 /* Base */ = {isa = PBXFileReference; lastKnownFileType = file.xib; name = Base; path = Base.lproj/LaunchScreen.xib; sourceTree = "<group>"; };
		BE8E420A1A3C32AA00D740A3 /* DeepTransitionSampleTests.xctest */ = {isa = PBXFileReference; explicitFileType = wrapper.cfbundle; includeInIndex = 0; path = DeepTransitionSampleTests.xctest; sourceTree = BUILT_PRODUCTS_DIR; };
		BE8E420F1A3C32AA00D740A3 /* Info.plist */ = {isa = PBXFileReference; lastKnownFileType = text.plist.xml; path = Info.plist; sourceTree = "<group>"; };
		BE8E42101A3C32AA00D740A3 /* DeepTransitionSampleTests.swift */ = {isa = PBXFileReference; lastKnownFileType = sourcecode.swift; path = DeepTransitionSampleTests.swift; sourceTree = "<group>"; };
		BE8E422C1A3E5FA800D740A3 /* CouponListViewController.swift */ = {isa = PBXFileReference; fileEncoding = 4; lastKnownFileType = sourcecode.swift; path = CouponListViewController.swift; sourceTree = "<group>"; };
		BE8E422D1A3E5FA800D740A3 /* CouponViewController.swift */ = {isa = PBXFileReference; fileEncoding = 4; lastKnownFileType = sourcecode.swift; path = CouponViewController.swift; sourceTree = "<group>"; };
		BE8E422E1A3E5FA800D740A3 /* NewsListViewController.swift */ = {isa = PBXFileReference; fileEncoding = 4; lastKnownFileType = sourcecode.swift; path = NewsListViewController.swift; sourceTree = "<group>"; };
		BE8E422F1A3E5FA800D740A3 /* NewsViewController.swift */ = {isa = PBXFileReference; fileEncoding = 4; lastKnownFileType = sourcecode.swift; path = NewsViewController.swift; sourceTree = "<group>"; };
		BE8E42301A3E5FA800D740A3 /* TopViewController.swift */ = {isa = PBXFileReference; fileEncoding = 4; lastKnownFileType = sourcecode.swift; path = TopViewController.swift; sourceTree = "<group>"; };
		BE8E42391A3E79CC00D740A3 /* TransitionGraphModelTest.swift */ = {isa = PBXFileReference; fileEncoding = 4; lastKnownFileType = sourcecode.swift; path = TransitionGraphModelTest.swift; sourceTree = "<group>"; };
		BEF0F2ED1A432DF800D6139D /* statemap.h */ = {isa = PBXFileReference; fileEncoding = 4; lastKnownFileType = sourcecode.c.h; path = statemap.h; sourceTree = "<group>"; };
		BEF0F2EE1A432DF800D6139D /* statemap.m */ = {isa = PBXFileReference; fileEncoding = 4; lastKnownFileType = sourcecode.c.objc; path = statemap.m; sourceTree = "<group>"; };
		BEF0F2EF1A432DF800D6139D /* TransitionModelFSM.h */ = {isa = PBXFileReference; fileEncoding = 4; lastKnownFileType = sourcecode.c.h; path = TransitionModelFSM.h; sourceTree = "<group>"; };
		BEF0F2F01A432DF800D6139D /* TransitionModelFSM.m */ = {isa = PBXFileReference; fileEncoding = 4; lastKnownFileType = sourcecode.c.objc; path = TransitionModelFSM.m; sourceTree = "<group>"; };
		BEF0F2F11A432DF800D6139D /* TransitionModelFSM.sm */ = {isa = PBXFileReference; fileEncoding = 4; lastKnownFileType = text; path = TransitionModelFSM.sm; sourceTree = "<group>"; };
		BEF0F2F21A432DF800D6139D /* TransitionAgent.swift */ = {isa = PBXFileReference; fileEncoding = 4; lastKnownFileType = sourcecode.swift; path = TransitionAgent.swift; sourceTree = "<group>"; };
		BEF0F2F31A432DF800D6139D /* TransitionCenter.swift */ = {isa = PBXFileReference; fileEncoding = 4; lastKnownFileType = sourcecode.swift; path = TransitionCenter.swift; sourceTree = "<group>"; };
		BEF0F2F41A432DF800D6139D /* TransitionPath.swift */ = {isa = PBXFileReference; fileEncoding = 4; lastKnownFileType = sourcecode.swift; path = TransitionPath.swift; sourceTree = "<group>"; };
		BEF0F2F51A432DF800D6139D /* TransitionServiceLocator.swift */ = {isa = PBXFileReference; fileEncoding = 4; lastKnownFileType = sourcecode.swift; path = TransitionServiceLocator.swift; sourceTree = "<group>"; };
		BEF0F2F71A432DF800D6139D /* RootTransitionAgent.swift */ = {isa = PBXFileReference; fileEncoding = 4; lastKnownFileType = sourcecode.swift; path = RootTransitionAgent.swift; sourceTree = "<group>"; };
		BEF0F2F81A432DF800D6139D /* TransitionViewController.swift */ = {isa = PBXFileReference; fileEncoding = 4; lastKnownFileType = sourcecode.swift; path = TransitionViewController.swift; sourceTree = "<group>"; };
/* End PBXFileReference section */

/* Begin PBXFrameworksBuildPhase section */
		BE8E41F21A3C32AA00D740A3 /* Frameworks */ = {
			isa = PBXFrameworksBuildPhase;
			buildActionMask = 2147483647;
			files = (
			);
			runOnlyForDeploymentPostprocessing = 0;
		};
		BE8E42071A3C32AA00D740A3 /* Frameworks */ = {
			isa = PBXFrameworksBuildPhase;
			buildActionMask = 2147483647;
			files = (
			);
			runOnlyForDeploymentPostprocessing = 0;
		};
/* End PBXFrameworksBuildPhase section */

/* Begin PBXGroup section */
		BE8E41EC1A3C32AA00D740A3 = {
			isa = PBXGroup;
			children = (
				BE8E41F71A3C32AA00D740A3 /* DeepTransitionSample */,
				BE8E420D1A3C32AA00D740A3 /* DeepTransitionSampleTests */,
				BE8E41F61A3C32AA00D740A3 /* Products */,
			);
			sourceTree = "<group>";
		};
		BE8E41F61A3C32AA00D740A3 /* Products */ = {
			isa = PBXGroup;
			children = (
				BE8E41F51A3C32AA00D740A3 /* DeepTransitionSample.app */,
				BE8E420A1A3C32AA00D740A3 /* DeepTransitionSampleTests.xctest */,
			);
			name = Products;
			sourceTree = "<group>";
		};
		BE8E41F71A3C32AA00D740A3 /* DeepTransitionSample */ = {
			isa = PBXGroup;
			children = (
				09096DD11A4164F400D73591 /* DeepTransitionSample-Bridging-Header.h */,
				BEF0F2EA1A432DF800D6139D /* Transition */,
				BE8E422B1A3E5FA800D740A3 /* ViewController */,
				BE8E41FA1A3C32AA00D740A3 /* AppDelegate.swift */,
				BE8E41FE1A3C32AA00D740A3 /* Main.storyboard */,
				BE8E42011A3C32AA00D740A3 /* Images.xcassets */,
				BE8E42031A3C32AA00D740A3 /* LaunchScreen.xib */,
				BE8E42381A3E797C00D740A3 /* Test */,
				BE8E41F81A3C32AA00D740A3 /* Supporting Files */,
			);
			path = DeepTransitionSample;
			sourceTree = "<group>";
		};
		BE8E41F81A3C32AA00D740A3 /* Supporting Files */ = {
			isa = PBXGroup;
			children = (
				BE8E41F91A3C32AA00D740A3 /* Info.plist */,
			);
			name = "Supporting Files";
			sourceTree = "<group>";
		};
		BE8E420D1A3C32AA00D740A3 /* DeepTransitionSampleTests */ = {
			isa = PBXGroup;
			children = (
				BE8E42101A3C32AA00D740A3 /* DeepTransitionSampleTests.swift */,
				BE8E420E1A3C32AA00D740A3 /* Supporting Files */,
			);
			path = DeepTransitionSampleTests;
			sourceTree = "<group>";
		};
		BE8E420E1A3C32AA00D740A3 /* Supporting Files */ = {
			isa = PBXGroup;
			children = (
				BE8E420F1A3C32AA00D740A3 /* Info.plist */,
			);
			name = "Supporting Files";
			sourceTree = "<group>";
		};
		BE8E422B1A3E5FA800D740A3 /* ViewController */ = {
			isa = PBXGroup;
			children = (
				BE8E42301A3E5FA800D740A3 /* TopViewController.swift */,
				BE8E422E1A3E5FA800D740A3 /* NewsListViewController.swift */,
				BE8E422F1A3E5FA800D740A3 /* NewsViewController.swift */,
				BE8E422C1A3E5FA800D740A3 /* CouponListViewController.swift */,
				BE8E422D1A3E5FA800D740A3 /* CouponViewController.swift */,
				BE756B381A4505AC00DC184D /* ProfileViewController.swift */,
				BE756B3A1A45066A00DC184D /* HelpViewController.swift */,
				BE756B3C1A45068200DC184D /* FriendListViewController.swift */,
				BE756B3E1A45068F00DC184D /* FriendViewController.swift */,
			);
			path = ViewController;
			sourceTree = "<group>";
		};
		BE8E42381A3E797C00D740A3 /* Test */ = {
			isa = PBXGroup;
			children = (
				BE8E42391A3E79CC00D740A3 /* TransitionGraphModelTest.swift */,
				09EAE7EC1A419E2C00F4DC96 /* statemap.h */,
			);
			path = Test;
			sourceTree = "<group>";
		};
		BEF0F2EA1A432DF800D6139D /* Transition */ = {
			isa = PBXGroup;
			children = (
				BEF0F2EB1A432DF800D6139D /* Model */,
				BEF0F2F61A432DF800D6139D /* ViewController */,
			);
			path = Transition;
			sourceTree = "<group>";
		};
		BEF0F2EB1A432DF800D6139D /* Model */ = {
			isa = PBXGroup;
			children = (
				BEF0F2EC1A432DF800D6139D /* fsm */,
				BEF0F2F21A432DF800D6139D /* TransitionAgent.swift */,
				BEF0F2F31A432DF800D6139D /* TransitionCenter.swift */,
				BEF0F2F41A432DF800D6139D /* TransitionPath.swift */,
				BEF0F2F51A432DF800D6139D /* TransitionServiceLocator.swift */,
			);
			path = Model;
			sourceTree = "<group>";
		};
		BEF0F2EC1A432DF800D6139D /* fsm */ = {
			isa = PBXGroup;
			children = (
				BEF0F2ED1A432DF800D6139D /* statemap.h */,
				BEF0F2EE1A432DF800D6139D /* statemap.m */,
				BEF0F2EF1A432DF800D6139D /* TransitionModelFSM.h */,
				BEF0F2F01A432DF800D6139D /* TransitionModelFSM.m */,
				BEF0F2F11A432DF800D6139D /* TransitionModelFSM.sm */,
			);
			path = fsm;
			sourceTree = "<group>";
		};
		BEF0F2F61A432DF800D6139D /* ViewController */ = {
			isa = PBXGroup;
			children = (
				BEF0F2F71A432DF800D6139D /* RootTransitionAgent.swift */,
				BEF0F2F81A432DF800D6139D /* TransitionViewController.swift */,
			);
			path = ViewController;
			sourceTree = "<group>";
		};
/* End PBXGroup section */

/* Begin PBXHeadersBuildPhase section */
		09EAE7F01A419F1400F4DC96 /* Headers */ = {
			isa = PBXHeadersBuildPhase;
			buildActionMask = 2147483647;
			files = (
			);
			runOnlyForDeploymentPostprocessing = 0;
		};
		BEF0F2E21A424D5700D6139D /* Headers */ = {
			isa = PBXHeadersBuildPhase;
			buildActionMask = 2147483647;
			files = (
				BEF0F2FB1A432DF800D6139D /* TransitionModelFSM.h in Headers */,
				BEF0F2F91A432DF800D6139D /* statemap.h in Headers */,
			);
			runOnlyForDeploymentPostprocessing = 0;
		};
/* End PBXHeadersBuildPhase section */

/* Begin PBXNativeTarget section */
		BE8E41F41A3C32AA00D740A3 /* DeepTransitionSample */ = {
			isa = PBXNativeTarget;
			buildConfigurationList = BE8E42141A3C32AA00D740A3 /* Build configuration list for PBXNativeTarget "DeepTransitionSample" */;
			buildPhases = (
				BE8E41F11A3C32AA00D740A3 /* Sources */,
				BE8E41F21A3C32AA00D740A3 /* Frameworks */,
				BE8E41F31A3C32AA00D740A3 /* Resources */,
				BEF0F2E21A424D5700D6139D /* Headers */,
			);
			buildRules = (
			);
			dependencies = (
			);
			name = DeepTransitionSample;
			productName = DeepTransitionSample;
			productReference = BE8E41F51A3C32AA00D740A3 /* DeepTransitionSample.app */;
			productType = "com.apple.product-type.application";
		};
		BE8E42091A3C32AA00D740A3 /* DeepTransitionSampleTests */ = {
			isa = PBXNativeTarget;
			buildConfigurationList = BE8E42171A3C32AA00D740A3 /* Build configuration list for PBXNativeTarget "DeepTransitionSampleTests" */;
			buildPhases = (
				BE8E42061A3C32AA00D740A3 /* Sources */,
				BE8E42071A3C32AA00D740A3 /* Frameworks */,
				BE8E42081A3C32AA00D740A3 /* Resources */,
				09EAE7F01A419F1400F4DC96 /* Headers */,
			);
			buildRules = (
			);
			dependencies = (
				BE8E420C1A3C32AA00D740A3 /* PBXTargetDependency */,
			);
			name = DeepTransitionSampleTests;
			productName = DeepTransitionSampleTests;
			productReference = BE8E420A1A3C32AA00D740A3 /* DeepTransitionSampleTests.xctest */;
			productType = "com.apple.product-type.bundle.unit-test";
		};
/* End PBXNativeTarget section */

/* Begin PBXProject section */
		BE8E41ED1A3C32AA00D740A3 /* Project object */ = {
			isa = PBXProject;
			attributes = {
				LastUpgradeCheck = 0610;
				ORGANIZATIONNAME = Yumemi;
				TargetAttributes = {
					BE8E41F41A3C32AA00D740A3 = {
						CreatedOnToolsVersion = 6.1.1;
					};
					BE8E42091A3C32AA00D740A3 = {
						CreatedOnToolsVersion = 6.1.1;
						TestTargetID = BE8E41F41A3C32AA00D740A3;
					};
				};
			};
			buildConfigurationList = BE8E41F01A3C32AA00D740A3 /* Build configuration list for PBXProject "DeepTransitionSample" */;
			compatibilityVersion = "Xcode 3.2";
			developmentRegion = English;
			hasScannedForEncodings = 0;
			knownRegions = (
				en,
				Base,
			);
			mainGroup = BE8E41EC1A3C32AA00D740A3;
			productRefGroup = BE8E41F61A3C32AA00D740A3 /* Products */;
			projectDirPath = "";
			projectRoot = "";
			targets = (
				BE8E41F41A3C32AA00D740A3 /* DeepTransitionSample */,
				BE8E42091A3C32AA00D740A3 /* DeepTransitionSampleTests */,
			);
		};
/* End PBXProject section */

/* Begin PBXResourcesBuildPhase section */
		BE8E41F31A3C32AA00D740A3 /* Resources */ = {
			isa = PBXResourcesBuildPhase;
			buildActionMask = 2147483647;
			files = (
				BE8E42001A3C32AA00D740A3 /* Main.storyboard in Resources */,
				BE8E42051A3C32AA00D740A3 /* LaunchScreen.xib in Resources */,
				BEF0F2FD1A432DF800D6139D /* TransitionModelFSM.sm in Resources */,
				BE8E42021A3C32AA00D740A3 /* Images.xcassets in Resources */,
			);
			runOnlyForDeploymentPostprocessing = 0;
		};
		BE8E42081A3C32AA00D740A3 /* Resources */ = {
			isa = PBXResourcesBuildPhase;
			buildActionMask = 2147483647;
			files = (
			);
			runOnlyForDeploymentPostprocessing = 0;
		};
/* End PBXResourcesBuildPhase section */

/* Begin PBXSourcesBuildPhase section */
		BE8E41F11A3C32AA00D740A3 /* Sources */ = {
			isa = PBXSourcesBuildPhase;
			buildActionMask = 2147483647;
			files = (
				BE756B3D1A45068200DC184D /* FriendListViewController.swift in Sources */,
				BEF0F2FC1A432DF800D6139D /* TransitionModelFSM.m in Sources */,
				BEF0F2FF1A432DF800D6139D /* TransitionCenter.swift in Sources */,
				BE8E42341A3E5FA800D740A3 /* NewsListViewController.swift in Sources */,
				BEF0F3011A432DF800D6139D /* TransitionServiceLocator.swift in Sources */,
				BE8E42331A3E5FA800D740A3 /* CouponViewController.swift in Sources */,
				BE756B3F1A45068F00DC184D /* FriendViewController.swift in Sources */,
				BEF0F3021A432DF800D6139D /* RootTransitionAgent.swift in Sources */,
				BEF0F2FE1A432DF800D6139D /* TransitionAgent.swift in Sources */,
				BEF0F2FA1A432DF800D6139D /* statemap.m in Sources */,
				BE8E42351A3E5FA800D740A3 /* NewsViewController.swift in Sources */,
				BEF0F3001A432DF800D6139D /* TransitionPath.swift in Sources */,
				BE8E41FB1A3C32AA00D740A3 /* AppDelegate.swift in Sources */,
				BE756B3B1A45066A00DC184D /* HelpViewController.swift in Sources */,
				BE8E42321A3E5FA800D740A3 /* CouponListViewController.swift in Sources */,
				BE756B391A4505AC00DC184D /* ProfileViewController.swift in Sources */,
				BEF0F3031A432DF800D6139D /* TransitionViewController.swift in Sources */,
				BE8E42361A3E5FA800D740A3 /* TopViewController.swift in Sources */,
			);
			runOnlyForDeploymentPostprocessing = 0;
		};
		BE8E42061A3C32AA00D740A3 /* Sources */ = {
			isa = PBXSourcesBuildPhase;
			buildActionMask = 2147483647;
			files = (
				BE8E42111A3C32AA00D740A3 /* DeepTransitionSampleTests.swift in Sources */,
				BE8E423A1A3E79CC00D740A3 /* TransitionGraphModelTest.swift in Sources */,
			);
			runOnlyForDeploymentPostprocessing = 0;
		};
/* End PBXSourcesBuildPhase section */

/* Begin PBXTargetDependency section */
		BE8E420C1A3C32AA00D740A3 /* PBXTargetDependency */ = {
			isa = PBXTargetDependency;
			target = BE8E41F41A3C32AA00D740A3 /* DeepTransitionSample */;
			targetProxy = BE8E420B1A3C32AA00D740A3 /* PBXContainerItemProxy */;
		};
/* End PBXTargetDependency section */

/* Begin PBXVariantGroup section */
		BE8E41FE1A3C32AA00D740A3 /* Main.storyboard */ = {
			isa = PBXVariantGroup;
			children = (
				BE8E41FF1A3C32AA00D740A3 /* Base */,
			);
			name = Main.storyboard;
			sourceTree = "<group>";
		};
		BE8E42031A3C32AA00D740A3 /* LaunchScreen.xib */ = {
			isa = PBXVariantGroup;
			children = (
				BE8E42041A3C32AA00D740A3 /* Base */,
			);
			name = LaunchScreen.xib;
			sourceTree = "<group>";
		};
/* End PBXVariantGroup section */

/* Begin XCBuildConfiguration section */
		BE8E42121A3C32AA00D740A3 /* Debug */ = {
			isa = XCBuildConfiguration;
			buildSettings = {
				ALWAYS_SEARCH_USER_PATHS = NO;
				CLANG_CXX_LANGUAGE_STANDARD = "gnu++0x";
				CLANG_CXX_LIBRARY = "libc++";
				CLANG_ENABLE_MODULES = YES;
				CLANG_ENABLE_OBJC_ARC = YES;
				CLANG_WARN_BOOL_CONVERSION = YES;
				CLANG_WARN_CONSTANT_CONVERSION = YES;
				CLANG_WARN_DIRECT_OBJC_ISA_USAGE = YES_ERROR;
				CLANG_WARN_EMPTY_BODY = YES;
				CLANG_WARN_ENUM_CONVERSION = YES;
				CLANG_WARN_INT_CONVERSION = YES;
				CLANG_WARN_OBJC_ROOT_CLASS = YES_ERROR;
				CLANG_WARN_UNREACHABLE_CODE = YES;
				CLANG_WARN__DUPLICATE_METHOD_MATCH = YES;
				"CODE_SIGN_IDENTITY[sdk=iphoneos*]" = "iPhone Developer";
				COPY_PHASE_STRIP = NO;
				ENABLE_STRICT_OBJC_MSGSEND = YES;
				GCC_C_LANGUAGE_STANDARD = gnu99;
				GCC_DYNAMIC_NO_PIC = NO;
				GCC_OPTIMIZATION_LEVEL = 0;
				GCC_PREPROCESSOR_DEFINITIONS = (
					"DEBUG=1",
					"$(inherited)",
				);
				GCC_SYMBOLS_PRIVATE_EXTERN = NO;
				GCC_WARN_64_TO_32_BIT_CONVERSION = YES;
				GCC_WARN_ABOUT_RETURN_TYPE = YES_ERROR;
				GCC_WARN_UNDECLARED_SELECTOR = YES;
				GCC_WARN_UNINITIALIZED_AUTOS = YES_AGGRESSIVE;
				GCC_WARN_UNUSED_FUNCTION = YES;
				GCC_WARN_UNUSED_VARIABLE = YES;
				IPHONEOS_DEPLOYMENT_TARGET = 8.1;
				MTL_ENABLE_DEBUG_INFO = YES;
				ONLY_ACTIVE_ARCH = YES;
				SDKROOT = iphoneos;
				SWIFT_OPTIMIZATION_LEVEL = "-Onone";
			};
			name = Debug;
		};
		BE8E42131A3C32AA00D740A3 /* Release */ = {
			isa = XCBuildConfiguration;
			buildSettings = {
				ALWAYS_SEARCH_USER_PATHS = NO;
				CLANG_CXX_LANGUAGE_STANDARD = "gnu++0x";
				CLANG_CXX_LIBRARY = "libc++";
				CLANG_ENABLE_MODULES = YES;
				CLANG_ENABLE_OBJC_ARC = YES;
				CLANG_WARN_BOOL_CONVERSION = YES;
				CLANG_WARN_CONSTANT_CONVERSION = YES;
				CLANG_WARN_DIRECT_OBJC_ISA_USAGE = YES_ERROR;
				CLANG_WARN_EMPTY_BODY = YES;
				CLANG_WARN_ENUM_CONVERSION = YES;
				CLANG_WARN_INT_CONVERSION = YES;
				CLANG_WARN_OBJC_ROOT_CLASS = YES_ERROR;
				CLANG_WARN_UNREACHABLE_CODE = YES;
				CLANG_WARN__DUPLICATE_METHOD_MATCH = YES;
				"CODE_SIGN_IDENTITY[sdk=iphoneos*]" = "iPhone Developer";
				COPY_PHASE_STRIP = YES;
				ENABLE_NS_ASSERTIONS = NO;
				ENABLE_STRICT_OBJC_MSGSEND = YES;
				GCC_C_LANGUAGE_STANDARD = gnu99;
				GCC_WARN_64_TO_32_BIT_CONVERSION = YES;
				GCC_WARN_ABOUT_RETURN_TYPE = YES_ERROR;
				GCC_WARN_UNDECLARED_SELECTOR = YES;
				GCC_WARN_UNINITIALIZED_AUTOS = YES_AGGRESSIVE;
				GCC_WARN_UNUSED_FUNCTION = YES;
				GCC_WARN_UNUSED_VARIABLE = YES;
				IPHONEOS_DEPLOYMENT_TARGET = 8.1;
				MTL_ENABLE_DEBUG_INFO = NO;
				SDKROOT = iphoneos;
				VALIDATE_PRODUCT = YES;
			};
			name = Release;
		};
		BE8E42151A3C32AA00D740A3 /* Debug */ = {
			isa = XCBuildConfiguration;
			buildSettings = {
				ASSETCATALOG_COMPILER_APPICON_NAME = AppIcon;
				DEFINES_MODULE = YES;
				EMBEDDED_CONTENT_CONTAINS_SWIFT = YES;
				INFOPLIST_FILE = DeepTransitionSample/Info.plist;
				LD_RUNPATH_SEARCH_PATHS = "$(inherited) @executable_path/Frameworks";
				OTHER_CFLAGS = "-DDEBUG";
				OTHER_SWIFT_FLAGS = "-DDEBUG";
				PRODUCT_NAME = "$(TARGET_NAME)";
				PUBLIC_HEADERS_FOLDER_PATH = MyHeaders;
				SWIFT_INSTALL_OBJC_HEADER = YES;
				SWIFT_OBJC_BRIDGING_HEADER = "$(SRCROOT)/$(PROJECT)/DeepTransitionSample-Bridging-Header.h";
			};
			name = Debug;
		};
		BE8E42161A3C32AA00D740A3 /* Release */ = {
			isa = XCBuildConfiguration;
			buildSettings = {
				ASSETCATALOG_COMPILER_APPICON_NAME = AppIcon;
				DEFINES_MODULE = YES;
				EMBEDDED_CONTENT_CONTAINS_SWIFT = YES;
				INFOPLIST_FILE = DeepTransitionSample/Info.plist;
				LD_RUNPATH_SEARCH_PATHS = "$(inherited) @executable_path/Frameworks";
				PRODUCT_NAME = "$(TARGET_NAME)";
				PUBLIC_HEADERS_FOLDER_PATH = MyHeaders;
				SWIFT_INSTALL_OBJC_HEADER = YES;
				SWIFT_OBJC_BRIDGING_HEADER = "$(SRCROOT)/$(PROJECT)/DeepTransitionSample-Bridging-Header.h";
			};
			name = Release;
		};
		BE8E42181A3C32AA00D740A3 /* Debug */ = {
			isa = XCBuildConfiguration;
			buildSettings = {
				BUNDLE_LOADER = "$(TEST_HOST)";
				FRAMEWORK_SEARCH_PATHS = (
					"$(SDKROOT)/Developer/Library/Frameworks",
					"$(inherited)",
				);
				GCC_PREPROCESSOR_DEFINITIONS = (
					"DEBUG=1",
					"$(inherited)",
				);
				HEADER_SEARCH_PATHS = (
					"$(inherited)",
					/Applications/Xcode.app/Contents/Developer/Toolchains/XcodeDefault.xctoolchain/usr/include,
					"$(CONFIGURATION_BUILD_DIR)/MyHeaders",
				);
				INFOPLIST_FILE = DeepTransitionSampleTests/Info.plist;
				LD_RUNPATH_SEARCH_PATHS = "$(inherited) @executable_path/Frameworks @loader_path/Frameworks";
				OTHER_CFLAGS = "-DTEST=1";
				OTHER_SWIFT_FLAGS = "-DTEST=1";
				PRODUCT_NAME = "$(TARGET_NAME)";
				TEST_HOST = "$(BUILT_PRODUCTS_DIR)/DeepTransitionSample.app/DeepTransitionSample";
			};
			name = Debug;
		};
		BE8E42191A3C32AA00D740A3 /* Release */ = {
			isa = XCBuildConfiguration;
			buildSettings = {
				BUNDLE_LOADER = "$(TEST_HOST)";
				FRAMEWORK_SEARCH_PATHS = (
					"$(SDKROOT)/Developer/Library/Frameworks",
					"$(inherited)",
				);
				HEADER_SEARCH_PATHS = (
					"$(inherited)",
					"$(CONFIGURATION_BUILD_DIR)/Headers",
					/Applications/Xcode.app/Contents/Developer/Toolchains/XcodeDefault.xctoolchain/usr/include,
				);
				INFOPLIST_FILE = DeepTransitionSampleTests/Info.plist;
				LD_RUNPATH_SEARCH_PATHS = "$(inherited) @executable_path/Frameworks @loader_path/Frameworks";
				OTHER_CFLAGS = "-DTEST=1";
				OTHER_SWIFT_FLAGS = "-DTEST=1";
				PRODUCT_NAME = "$(TARGET_NAME)";
				TEST_HOST = "$(BUILT_PRODUCTS_DIR)/DeepTransitionSample.app/DeepTransitionSample";
			};
			name = Release;
		};
/* End XCBuildConfiguration section */

/* Begin XCConfigurationList section */
		BE8E41F01A3C32AA00D740A3 /* Build configuration list for PBXProject "DeepTransitionSample" */ = {
			isa = XCConfigurationList;
			buildConfigurations = (
				BE8E42121A3C32AA00D740A3 /* Debug */,
				BE8E42131A3C32AA00D740A3 /* Release */,
			);
			defaultConfigurationIsVisible = 0;
			defaultConfigurationName = Release;
		};
		BE8E42141A3C32AA00D740A3 /* Build configuration list for PBXNativeTarget "DeepTransitionSample" */ = {
			isa = XCConfigurationList;
			buildConfigurations = (
				BE8E42151A3C32AA00D740A3 /* Debug */,
				BE8E42161A3C32AA00D740A3 /* Release */,
			);
			defaultConfigurationIsVisible = 0;
			defaultConfigurationName = Release;
		};
		BE8E42171A3C32AA00D740A3 /* Build configuration list for PBXNativeTarget "DeepTransitionSampleTests" */ = {
			isa = XCConfigurationList;
			buildConfigurations = (
				BE8E42181A3C32AA00D740A3 /* Debug */,
				BE8E42191A3C32AA00D740A3 /* Release */,
			);
			defaultConfigurationIsVisible = 0;
			defaultConfigurationName = Release;
		};
/* End XCConfigurationList section */
	};
	rootObject = BE8E41ED1A3C32AA00D740A3 /* Project object */;
}
